
Microsoft Visual Studio Solution File, Format Version 12.00
# Visual Studio Version 17
VisualStudioVersion = 17.11.35312.102
MinimumVisualStudioVersion = 10.0.40219.1
Project("{9A19103F-16F7-4668-BE54-9A1E7A4F7556}") = "Core of linq v1", "Cotr of linq\Core of linq v1.csproj", "{5CED636B-C1E3-4DD7-B868-108ED9538CA4}"
EndProject
Project("{9A19103F-16F7-4668-BE54-9A1E7A4F7556}") = "FunctionalProgramming", "linq_project\FunctionalProgramming.csproj", "{B172B09A-FADE-46DB-B4B7-DC7F1111914B}"
EndProject
Project("{9A19103F-16F7-4668-BE54-9A1E7A4F7556}") = "Core of linq v2", "Core of linq v2\Core of linq v2.csproj", "{B7ECA0B6-4559-4063-A7E9-44ACB70ABABE}"
EndProject
Project("{9A19103F-16F7-4668-BE54-9A1E7A4F7556}") = "Core of linq v3", "Core of linq v3\Core of linq v3.csproj", "{D1B77FF7-2D6E-4703-89B9-2D3ED33CD497}"
EndProject
Project("{9A19103F-16F7-4668-BE54-9A1E7A4F7556}") = "Core of linq v4", "Core of linq v4\Core of linq v4.csproj", "{20C75009-2699-43C4-881A-F59F2CE8874E}"
EndProject
Project("{9A19103F-16F7-4668-BE54-9A1E7A4F7556}") = "FunctionalProgramming02", "FunctionalProgramming02\FunctionalProgramming02.csproj", "{CD629603-59ED-4BFD-875A-C4256B9E0E4E}"
EndProject
Project("{9A19103F-16F7-4668-BE54-9A1E7A4F7556}") = "project operation.Select", "project operation.Select\project operation.Select.csproj", "{9C275E5B-BBE4-451D-9E4A-82147B886DAD}"
EndProject
Project("{9A19103F-16F7-4668-BE54-9A1E7A4F7556}") = "project operation.Select many", "project operation.Select many\project operation.Select many.csproj", "{4944C873-DF50-4691-9996-D2290207B2C8}"
EndProject
Project("{9A19103F-16F7-4668-BE54-9A1E7A4F7556}") = "project operation.Zip", "project operation.Zip\project operation.Zip.csproj", "{33E3F3B6-9BCE-4423-B1BC-DA25FFB17E90}"
EndProject
Project("{9A19103F-16F7-4668-BE54-9A1E7A4F7556}") = "FunctionalProgramming03", "FunctionalProgramming03\FunctionalProgramming03.csproj", "{25FC78B9-4031-41C1-A044-04422DA7F6D8}"
EndProject
Project("{9A19103F-16F7-4668-BE54-9A1E7A4F7556}") = "Sorting data.order by", "Sorting data\Sorting data.order by.csproj", "{83F248CA-7259-47C9-996A-7F947199BAD1}"
EndProject
Project("{9A19103F-16F7-4668-BE54-9A1E7A4F7556}") = "Sorting data.thenBy", "Sorting data.thenBy\Sorting data.thenBy.csproj", "{CFE4E192-D97B-4A03-81A5-8ADEBE4C6A1B}"
EndProject
Project("{9A19103F-16F7-4668-BE54-9A1E7A4F7556}") = "Sorting data.OrderBy.Comparer", "Sorting data.OrderBy.Comparer\Sorting data.OrderBy.Comparer.csproj", "{BE6CBB06-D0A6-4921-8A8C-1FA1DAA2E262}"
EndProject
Project("{9A19103F-16F7-4668-BE54-9A1E7A4F7556}") = "Sorting data.Reverse", "Sorting data.Reverse\Sorting data.Reverse.csproj", "{F5CDB41A-A218-4BED-9253-CC094C8855BB}"
EndProject
Project("{9A19103F-16F7-4668-BE54-9A1E7A4F7556}") = "Data Partitioning.Skip", "Data Partitioning.Skip\Data Partitioning.Skip.csproj", "{A0EFB673-B612-4CAA-81F8-D3C98EA46334}"
EndProject
Project("{9A19103F-16F7-4668-BE54-9A1E7A4F7556}") = "Data_Partitioning.Tack", "Data_Partitioning.Tack\Data_Partitioning.Tack.csproj", "{0DE61213-D44D-4545-9329-1BB3CF2D9240}"
EndProject
Project("{9A19103F-16F7-4668-BE54-9A1E7A4F7556}") = "Data_Partitioning.Chunck", "Data_Partitioning.Chunck\Data_Partitioning.Chunck.csproj", "{FB882595-115C-477D-A16A-101ABB957BBA}"
EndProject
Project("{9A19103F-16F7-4668-BE54-9A1E7A4F7556}") = "Quantifiers", "Quantifiers\Quantifiers.csproj", "{A35C95B5-15AA-42E7-B473-E2A3A0955191}"
EndProject
Project("{9A19103F-16F7-4668-BE54-9A1E7A4F7556}") = "Groub data", "Groub data\Groub data.csproj", "{321988C7-BE25-4892-B784-6DD3E1AF9DBB}"
EndProject
Project("{9A19103F-16F7-4668-BE54-9A1E7A4F7556}") = "LINQ_Project_update", "LINQ_Project_update\LINQ_Project_update.csproj", "{A5F632BC-24CE-4300-BEAD-4BCB585BEBC2}"
EndProject
Project("{9A19103F-16F7-4668-BE54-9A1E7A4F7556}") = "Join Operations", "Join Operations\Join Operations.csproj", "{B60D9DE6-2630-4868-8721-D56E28A1BAA3}"
EndProject
Project("{9A19103F-16F7-4668-BE54-9A1E7A4F7556}") = "Shared", "Shared\Shared.csproj", "{396E553D-6AE9-4BE4-8DE7-E511FCDECE8D}"
EndProject
Project("{9A19103F-16F7-4668-BE54-9A1E7A4F7556}") = "Element Operations.ElementAt", "Element Operations\Element Operations.ElementAt.csproj", "{957471DF-4E9E-4BF9-B7F9-CE0081FBE726}"
EndProject
Project("{9A19103F-16F7-4668-BE54-9A1E7A4F7556}") = "Element Operation.First&Last", "Element Operation.First\Element Operation.First&Last.csproj", "{B5DD9A80-2CE2-422D-89E5-06EB95AAF37C}"
EndProject
Project("{9A19103F-16F7-4668-BE54-9A1E7A4F7556}") = "Element Operation.Single", "Element Operation.Single\Element Operation.Single.csproj", "{3B7A0C01-E4F7-48F8-8E4E-047C8AB492DF}"
EndProject
Project("{9A19103F-16F7-4668-BE54-9A1E7A4F7556}") = "Equality Operations", "Equality Operations\Equality Operations.csproj", "{F6F46EBE-2D3E-47A0-B27D-0904C548AE4A}"
EndProject
Project("{FAE04EC0-301F-11D3-BF4B-00C04F79EFBC}") = "Concatenation", "Concatenation\Concatenation.csproj", "{3CC9128A-4C7B-4C53-B194-A6A1FFF856B3}"
EndProject
Project("{FAE04EC0-301F-11D3-BF4B-00C04F79EFBC}") = "Aggregate Operations", "Aggregate Operations\Aggregate Operations.csproj", "{2CC0581F-1AA7-43A6-978E-7D91146F04A0}"
EndProject
Project("{FAE04EC0-301F-11D3-BF4B-00C04F79EFBC}") = "Aggregate Operations.StandardMethod", "Aggregate Operations.StandardMethod\Aggregate Operations.StandardMethod.csproj", "{81431B86-D6CD-4385-A698-A239F251D060}"
EndProject
Global
	GlobalSection(SolutionConfigurationPlatforms) = preSolution
		Debug|Any CPU = Debug|Any CPU
		Release|Any CPU = Release|Any CPU
	EndGlobalSection
	GlobalSection(ProjectConfigurationPlatforms) = postSolution
		{5CED636B-C1E3-4DD7-B868-108ED9538CA4}.Debug|Any CPU.ActiveCfg = Debug|Any CPU
		{5CED636B-C1E3-4DD7-B868-108ED9538CA4}.Debug|Any CPU.Build.0 = Debug|Any CPU
		{5CED636B-C1E3-4DD7-B868-108ED9538CA4}.Release|Any CPU.ActiveCfg = Release|Any CPU
		{5CED636B-C1E3-4DD7-B868-108ED9538CA4}.Release|Any CPU.Build.0 = Release|Any CPU
		{B172B09A-FADE-46DB-B4B7-DC7F1111914B}.Debug|Any CPU.ActiveCfg = Debug|Any CPU
		{B172B09A-FADE-46DB-B4B7-DC7F1111914B}.Debug|Any CPU.Build.0 = Debug|Any CPU
		{B172B09A-FADE-46DB-B4B7-DC7F1111914B}.Release|Any CPU.ActiveCfg = Release|Any CPU
		{B172B09A-FADE-46DB-B4B7-DC7F1111914B}.Release|Any CPU.Build.0 = Release|Any CPU
		{B7ECA0B6-4559-4063-A7E9-44ACB70ABABE}.Debug|Any CPU.ActiveCfg = Debug|Any CPU
		{B7ECA0B6-4559-4063-A7E9-44ACB70ABABE}.Debug|Any CPU.Build.0 = Debug|Any CPU
		{B7ECA0B6-4559-4063-A7E9-44ACB70ABABE}.Release|Any CPU.ActiveCfg = Release|Any CPU
		{B7ECA0B6-4559-4063-A7E9-44ACB70ABABE}.Release|Any CPU.Build.0 = Release|Any CPU
		{D1B77FF7-2D6E-4703-89B9-2D3ED33CD497}.Debug|Any CPU.ActiveCfg = Debug|Any CPU
		{D1B77FF7-2D6E-4703-89B9-2D3ED33CD497}.Debug|Any CPU.Build.0 = Debug|Any CPU
		{D1B77FF7-2D6E-4703-89B9-2D3ED33CD497}.Release|Any CPU.ActiveCfg = Release|Any CPU
		{D1B77FF7-2D6E-4703-89B9-2D3ED33CD497}.Release|Any CPU.Build.0 = Release|Any CPU
		{20C75009-2699-43C4-881A-F59F2CE8874E}.Debug|Any CPU.ActiveCfg = Debug|Any CPU
		{20C75009-2699-43C4-881A-F59F2CE8874E}.Debug|Any CPU.Build.0 = Debug|Any CPU
		{20C75009-2699-43C4-881A-F59F2CE8874E}.Release|Any CPU.ActiveCfg = Release|Any CPU
		{20C75009-2699-43C4-881A-F59F2CE8874E}.Release|Any CPU.Build.0 = Release|Any CPU
		{CD629603-59ED-4BFD-875A-C4256B9E0E4E}.Debug|Any CPU.ActiveCfg = Debug|Any CPU
		{CD629603-59ED-4BFD-875A-C4256B9E0E4E}.Debug|Any CPU.Build.0 = Debug|Any CPU
		{CD629603-59ED-4BFD-875A-C4256B9E0E4E}.Release|Any CPU.ActiveCfg = Release|Any CPU
		{CD629603-59ED-4BFD-875A-C4256B9E0E4E}.Release|Any CPU.Build.0 = Release|Any CPU
		{9C275E5B-BBE4-451D-9E4A-82147B886DAD}.Debug|Any CPU.ActiveCfg = Debug|Any CPU
		{9C275E5B-BBE4-451D-9E4A-82147B886DAD}.Debug|Any CPU.Build.0 = Debug|Any CPU
		{9C275E5B-BBE4-451D-9E4A-82147B886DAD}.Release|Any CPU.ActiveCfg = Release|Any CPU
		{9C275E5B-BBE4-451D-9E4A-82147B886DAD}.Release|Any CPU.Build.0 = Release|Any CPU
		{4944C873-DF50-4691-9996-D2290207B2C8}.Debug|Any CPU.ActiveCfg = Debug|Any CPU
		{4944C873-DF50-4691-9996-D2290207B2C8}.Debug|Any CPU.Build.0 = Debug|Any CPU
		{4944C873-DF50-4691-9996-D2290207B2C8}.Release|Any CPU.ActiveCfg = Release|Any CPU
		{4944C873-DF50-4691-9996-D2290207B2C8}.Release|Any CPU.Build.0 = Release|Any CPU
		{33E3F3B6-9BCE-4423-B1BC-DA25FFB17E90}.Debug|Any CPU.ActiveCfg = Debug|Any CPU
		{33E3F3B6-9BCE-4423-B1BC-DA25FFB17E90}.Debug|Any CPU.Build.0 = Debug|Any CPU
		{33E3F3B6-9BCE-4423-B1BC-DA25FFB17E90}.Release|Any CPU.ActiveCfg = Release|Any CPU
		{33E3F3B6-9BCE-4423-B1BC-DA25FFB17E90}.Release|Any CPU.Build.0 = Release|Any CPU
		{25FC78B9-4031-41C1-A044-04422DA7F6D8}.Debug|Any CPU.ActiveCfg = Debug|Any CPU
		{25FC78B9-4031-41C1-A044-04422DA7F6D8}.Debug|Any CPU.Build.0 = Debug|Any CPU
		{25FC78B9-4031-41C1-A044-04422DA7F6D8}.Release|Any CPU.ActiveCfg = Release|Any CPU
		{25FC78B9-4031-41C1-A044-04422DA7F6D8}.Release|Any CPU.Build.0 = Release|Any CPU
		{83F248CA-7259-47C9-996A-7F947199BAD1}.Debug|Any CPU.ActiveCfg = Debug|Any CPU
		{83F248CA-7259-47C9-996A-7F947199BAD1}.Debug|Any CPU.Build.0 = Debug|Any CPU
		{83F248CA-7259-47C9-996A-7F947199BAD1}.Release|Any CPU.ActiveCfg = Release|Any CPU
		{83F248CA-7259-47C9-996A-7F947199BAD1}.Release|Any CPU.Build.0 = Release|Any CPU
		{CFE4E192-D97B-4A03-81A5-8ADEBE4C6A1B}.Debug|Any CPU.ActiveCfg = Debug|Any CPU
		{CFE4E192-D97B-4A03-81A5-8ADEBE4C6A1B}.Debug|Any CPU.Build.0 = Debug|Any CPU
		{CFE4E192-D97B-4A03-81A5-8ADEBE4C6A1B}.Release|Any CPU.ActiveCfg = Release|Any CPU
		{CFE4E192-D97B-4A03-81A5-8ADEBE4C6A1B}.Release|Any CPU.Build.0 = Release|Any CPU
		{BE6CBB06-D0A6-4921-8A8C-1FA1DAA2E262}.Debug|Any CPU.ActiveCfg = Debug|Any CPU
		{BE6CBB06-D0A6-4921-8A8C-1FA1DAA2E262}.Debug|Any CPU.Build.0 = Debug|Any CPU
		{BE6CBB06-D0A6-4921-8A8C-1FA1DAA2E262}.Release|Any CPU.ActiveCfg = Release|Any CPU
		{BE6CBB06-D0A6-4921-8A8C-1FA1DAA2E262}.Release|Any CPU.Build.0 = Release|Any CPU
		{F5CDB41A-A218-4BED-9253-CC094C8855BB}.Debug|Any CPU.ActiveCfg = Debug|Any CPU
		{F5CDB41A-A218-4BED-9253-CC094C8855BB}.Debug|Any CPU.Build.0 = Debug|Any CPU
		{F5CDB41A-A218-4BED-9253-CC094C8855BB}.Release|Any CPU.ActiveCfg = Release|Any CPU
		{F5CDB41A-A218-4BED-9253-CC094C8855BB}.Release|Any CPU.Build.0 = Release|Any CPU
		{A0EFB673-B612-4CAA-81F8-D3C98EA46334}.Debug|Any CPU.ActiveCfg = Debug|Any CPU
		{A0EFB673-B612-4CAA-81F8-D3C98EA46334}.Debug|Any CPU.Build.0 = Debug|Any CPU
		{A0EFB673-B612-4CAA-81F8-D3C98EA46334}.Release|Any CPU.ActiveCfg = Release|Any CPU
		{A0EFB673-B612-4CAA-81F8-D3C98EA46334}.Release|Any CPU.Build.0 = Release|Any CPU
		{0DE61213-D44D-4545-9329-1BB3CF2D9240}.Debug|Any CPU.ActiveCfg = Debug|Any CPU
		{0DE61213-D44D-4545-9329-1BB3CF2D9240}.Debug|Any CPU.Build.0 = Debug|Any CPU
		{0DE61213-D44D-4545-9329-1BB3CF2D9240}.Release|Any CPU.ActiveCfg = Release|Any CPU
		{0DE61213-D44D-4545-9329-1BB3CF2D9240}.Release|Any CPU.Build.0 = Release|Any CPU
		{FB882595-115C-477D-A16A-101ABB957BBA}.Debug|Any CPU.ActiveCfg = Debug|Any CPU
		{FB882595-115C-477D-A16A-101ABB957BBA}.Debug|Any CPU.Build.0 = Debug|Any CPU
		{FB882595-115C-477D-A16A-101ABB957BBA}.Release|Any CPU.ActiveCfg = Release|Any CPU
		{FB882595-115C-477D-A16A-101ABB957BBA}.Release|Any CPU.Build.0 = Release|Any CPU
		{A35C95B5-15AA-42E7-B473-E2A3A0955191}.Debug|Any CPU.ActiveCfg = Debug|Any CPU
		{A35C95B5-15AA-42E7-B473-E2A3A0955191}.Debug|Any CPU.Build.0 = Debug|Any CPU
		{A35C95B5-15AA-42E7-B473-E2A3A0955191}.Release|Any CPU.ActiveCfg = Release|Any CPU
		{A35C95B5-15AA-42E7-B473-E2A3A0955191}.Release|Any CPU.Build.0 = Release|Any CPU
		{321988C7-BE25-4892-B784-6DD3E1AF9DBB}.Debug|Any CPU.ActiveCfg = Debug|Any CPU
		{321988C7-BE25-4892-B784-6DD3E1AF9DBB}.Debug|Any CPU.Build.0 = Debug|Any CPU
		{321988C7-BE25-4892-B784-6DD3E1AF9DBB}.Release|Any CPU.ActiveCfg = Release|Any CPU
		{321988C7-BE25-4892-B784-6DD3E1AF9DBB}.Release|Any CPU.Build.0 = Release|Any CPU
		{A5F632BC-24CE-4300-BEAD-4BCB585BEBC2}.Debug|Any CPU.ActiveCfg = Debug|Any CPU
		{A5F632BC-24CE-4300-BEAD-4BCB585BEBC2}.Debug|Any CPU.Build.0 = Debug|Any CPU
		{A5F632BC-24CE-4300-BEAD-4BCB585BEBC2}.Release|Any CPU.ActiveCfg = Release|Any CPU
		{A5F632BC-24CE-4300-BEAD-4BCB585BEBC2}.Release|Any CPU.Build.0 = Release|Any CPU
		{B60D9DE6-2630-4868-8721-D56E28A1BAA3}.Debug|Any CPU.ActiveCfg = Debug|Any CPU
		{B60D9DE6-2630-4868-8721-D56E28A1BAA3}.Debug|Any CPU.Build.0 = Debug|Any CPU
		{B60D9DE6-2630-4868-8721-D56E28A1BAA3}.Release|Any CPU.ActiveCfg = Release|Any CPU
		{B60D9DE6-2630-4868-8721-D56E28A1BAA3}.Release|Any CPU.Build.0 = Release|Any CPU
		{396E553D-6AE9-4BE4-8DE7-E511FCDECE8D}.Debug|Any CPU.ActiveCfg = Debug|Any CPU
		{396E553D-6AE9-4BE4-8DE7-E511FCDECE8D}.Debug|Any CPU.Build.0 = Debug|Any CPU
		{396E553D-6AE9-4BE4-8DE7-E511FCDECE8D}.Release|Any CPU.ActiveCfg = Release|Any CPU
		{396E553D-6AE9-4BE4-8DE7-E511FCDECE8D}.Release|Any CPU.Build.0 = Release|Any CPU
		{957471DF-4E9E-4BF9-B7F9-CE0081FBE726}.Debug|Any CPU.ActiveCfg = Debug|Any CPU
		{957471DF-4E9E-4BF9-B7F9-CE0081FBE726}.Debug|Any CPU.Build.0 = Debug|Any CPU
		{957471DF-4E9E-4BF9-B7F9-CE0081FBE726}.Release|Any CPU.ActiveCfg = Release|Any CPU
		{957471DF-4E9E-4BF9-B7F9-CE0081FBE726}.Release|Any CPU.Build.0 = Release|Any CPU
		{B5DD9A80-2CE2-422D-89E5-06EB95AAF37C}.Debug|Any CPU.ActiveCfg = Debug|Any CPU
		{B5DD9A80-2CE2-422D-89E5-06EB95AAF37C}.Debug|Any CPU.Build.0 = Debug|Any CPU
		{B5DD9A80-2CE2-422D-89E5-06EB95AAF37C}.Release|Any CPU.ActiveCfg = Release|Any CPU
		{B5DD9A80-2CE2-422D-89E5-06EB95AAF37C}.Release|Any CPU.Build.0 = Release|Any CPU
		{3B7A0C01-E4F7-48F8-8E4E-047C8AB492DF}.Debug|Any CPU.ActiveCfg = Debug|Any CPU
		{3B7A0C01-E4F7-48F8-8E4E-047C8AB492DF}.Debug|Any CPU.Build.0 = Debug|Any CPU
		{3B7A0C01-E4F7-48F8-8E4E-047C8AB492DF}.Release|Any CPU.ActiveCfg = Release|Any CPU
		{3B7A0C01-E4F7-48F8-8E4E-047C8AB492DF}.Release|Any CPU.Build.0 = Release|Any CPU
		{F6F46EBE-2D3E-47A0-B27D-0904C548AE4A}.Debug|Any CPU.ActiveCfg = Debug|Any CPU
		{F6F46EBE-2D3E-47A0-B27D-0904C548AE4A}.Debug|Any CPU.Build.0 = Debug|Any CPU
		{F6F46EBE-2D3E-47A0-B27D-0904C548AE4A}.Release|Any CPU.ActiveCfg = Release|Any CPU
		{F6F46EBE-2D3E-47A0-B27D-0904C548AE4A}.Release|Any CPU.Build.0 = Release|Any CPU
		{3CC9128A-4C7B-4C53-B194-A6A1FFF856B3}.Debug|Any CPU.ActiveCfg = Debug|Any CPU
		{3CC9128A-4C7B-4C53-B194-A6A1FFF856B3}.Debug|Any CPU.Build.0 = Debug|Any CPU
		{3CC9128A-4C7B-4C53-B194-A6A1FFF856B3}.Release|Any CPU.ActiveCfg = Release|Any CPU
		{3CC9128A-4C7B-4C53-B194-A6A1FFF856B3}.Release|Any CPU.Build.0 = Release|Any CPU
		{2CC0581F-1AA7-43A6-978E-7D91146F04A0}.Debug|Any CPU.ActiveCfg = Debug|Any CPU
		{2CC0581F-1AA7-43A6-978E-7D91146F04A0}.Debug|Any CPU.Build.0 = Debug|Any CPU
		{2CC0581F-1AA7-43A6-978E-7D91146F04A0}.Release|Any CPU.ActiveCfg = Release|Any CPU
		{2CC0581F-1AA7-43A6-978E-7D91146F04A0}.Release|Any CPU.Build.0 = Release|Any CPU
		{81431B86-D6CD-4385-A698-A239F251D060}.Debug|Any CPU.ActiveCfg = Debug|Any CPU
		{81431B86-D6CD-4385-A698-A239F251D060}.Debug|Any CPU.Build.0 = Debug|Any CPU
		{81431B86-D6CD-4385-A698-A239F251D060}.Release|Any CPU.ActiveCfg = Release|Any CPU
		{81431B86-D6CD-4385-A698-A239F251D060}.Release|Any CPU.Build.0 = Release|Any CPU
	EndGlobalSection
	GlobalSection(SolutionProperties) = preSolution
		HideSolutionNode = FALSE
	EndGlobalSection
	GlobalSection(ExtensibilityGlobals) = postSolution
		SolutionGuid = {84AD95FB-6825-4DF2-BCED-7C3DFC1507ED}
	EndGlobalSection
EndGlobal
